
Microsoft Visual Studio Solution File, Format Version 11.00
# Visual Studio 2010 Express for Windows Phone
Project("{FAE04EC0-301F-11D3-BF4B-00C04F79EFBC}") = "GeeUI", "GeeUI\GeeUI.csproj", "{AE45ECF5-3362-4886-AF88-C6F81A5B9DE7}"
EndProject
Global
	GlobalSection(SolutionConfigurationPlatforms) = preSolution
		Debug|x86 = Debug|x86
		Release|x86 = Release|x86
	EndGlobalSection
	GlobalSection(ProjectConfigurationPlatforms) = postSolution
		{AE45ECF5-3362-4886-AF88-C6F81A5B9DE7}.Debug|x86.ActiveCfg = Debug|x86
		{AE45ECF5-3362-4886-AF88-C6F81A5B9DE7}.Debug|x86.Build.0 = Debug|x86
		{AE45ECF5-3362-4886-AF88-C6F81A5B9DE7}.Release|x86.ActiveCfg = Release|x86
		{AE45ECF5-3362-4886-AF88-C6F81A5B9DE7}.Release|x86.Build.0 = Release|x86
	EndGlobalSection
	GlobalSection(SolutionProperties) = preSolution
		HideSolutionNode = FALSE
	EndGlobalSection
EndGlobal
